
Microsoft Visual Studio Solution File, Format Version 12.00
# Visual Studio Version 16
VisualStudioVersion = 16.0.31911.196
MinimumVisualStudioVersion = 10.0.40219.1
Project("{FAE04EC0-301F-11D3-BF4B-00C04F79EFBC}") = "CAD_second_text", "CAD_second_text\CAD_second_text.csproj", "{189EF0B2-CD76-4725-8BA3-4538E9BFAE57}"
EndProject
Project("{FAE04EC0-301F-11D3-BF4B-00C04F79EFBC}") = "LoadX", "LoadX\LoadX.csproj", "{1738735C-16CD-45DE-B653-E84527DBB17F}"
EndProject
Global
	GlobalSection(SolutionConfigurationPlatforms) = preSolution
		Debug|Any CPU = Debug|Any CPU
		Release|Any CPU = Release|Any CPU
	EndGlobalSection
	GlobalSection(ProjectConfigurationPlatforms) = postSolution
		{189EF0B2-CD76-4725-8BA3-4538E9BFAE57}.Debug|Any CPU.ActiveCfg = Debug|Any CPU
		{189EF0B2-CD76-4725-8BA3-4538E9BFAE57}.Debug|Any CPU.Build.0 = Debug|Any CPU
		{189EF0B2-CD76-4725-8BA3-4538E9BFAE57}.Release|Any CPU.ActiveCfg = Release|Any CPU
		{189EF0B2-CD76-4725-8BA3-4538E9BFAE57}.Release|Any CPU.Build.0 = Release|Any CPU
		{1738735C-16CD-45DE-B653-E84527DBB17F}.Debug|Any CPU.ActiveCfg = Debug|Any CPU
		{1738735C-16CD-45DE-B653-E84527DBB17F}.Debug|Any CPU.Build.0 = Debug|Any CPU
		{1738735C-16CD-45DE-B653-E84527DBB17F}.Release|Any CPU.ActiveCfg = Release|Any CPU
		{1738735C-16CD-45DE-B653-E84527DBB17F}.Release|Any CPU.Build.0 = Release|Any CPU
	EndGlobalSection
	GlobalSection(SolutionProperties) = preSolution
		HideSolutionNode = FALSE
	EndGlobalSection
	GlobalSection(ExtensibilityGlobals) = postSolution
		SolutionGuid = {8AF7D223-E544-4E66-9E05-362B862092F2}
	EndGlobalSection
EndGlobal
